
Microsoft Visual Studio Solution File, Format Version 12.00
# Visual Studio Version 17
VisualStudioVersion = 17.13.35919.96 d17.13
MinimumVisualStudioVersion = 10.0.40219.1
Project("{FAE04EC0-301F-11D3-BF4B-00C04F79EFBC}") = "FootballApps.EntityLayer", "FootballApps.EntityLayer\FootballApps.EntityLayer.csproj", "{833B2218-655B-4C60-B2E5-B719A3CE2051}"
EndProject
Project("{FAE04EC0-301F-11D3-BF4B-00C04F79EFBC}") = "FootballApps.DataAccessLayer", "FootballApps.DataAccessLayer\FootballApps.DataAccessLayer.csproj", "{9424AEDC-A67B-4C06-BBB9-5A0319CCB12D}"
EndProject
Project("{FAE04EC0-301F-11D3-BF4B-00C04F79EFBC}") = "FootballApps.DtoLayer", "FootballApps.DtoLayer\FootballApps.DtoLayer.csproj", "{2A9421B5-077B-430E-A6E4-2854ADBDAAD2}"
EndProject
Project("{FAE04EC0-301F-11D3-BF4B-00C04F79EFBC}") = "FootballApps.BusinessLayer", "FootballApps.BusinessLayer\FootballApps.BusinessLayer.csproj", "{14423B22-F5B9-4FCC-BAA2-1AF53B818704}"
EndProject
Project("{FAE04EC0-301F-11D3-BF4B-00C04F79EFBC}") = "FootballApps.WebAPI", "FootballApps.WebAPI\FootballApps.WebAPI.csproj", "{9C7076D0-BAF2-4171-AFD9-1FB4AEBBE9D8}"
EndProject
Project("{FAE04EC0-301F-11D3-BF4B-00C04F79EFBC}") = "FootballApps.PresentationLayer", "FootballApps.PresentationLayer\FootballApps.PresentationLayer.csproj", "{4688E9F0-C13A-4696-9E96-BE490C2E4D3E}"
EndProject
Global
	GlobalSection(SolutionConfigurationPlatforms) = preSolution
		Debug|Any CPU = Debug|Any CPU
		Release|Any CPU = Release|Any CPU
	EndGlobalSection
	GlobalSection(ProjectConfigurationPlatforms) = postSolution
		{833B2218-655B-4C60-B2E5-B719A3CE2051}.Debug|Any CPU.ActiveCfg = Debug|Any CPU
		{833B2218-655B-4C60-B2E5-B719A3CE2051}.Debug|Any CPU.Build.0 = Debug|Any CPU
		{833B2218-655B-4C60-B2E5-B719A3CE2051}.Release|Any CPU.ActiveCfg = Release|Any CPU
		{833B2218-655B-4C60-B2E5-B719A3CE2051}.Release|Any CPU.Build.0 = Release|Any CPU
		{9424AEDC-A67B-4C06-BBB9-5A0319CCB12D}.Debug|Any CPU.ActiveCfg = Debug|Any CPU
		{9424AEDC-A67B-4C06-BBB9-5A0319CCB12D}.Debug|Any CPU.Build.0 = Debug|Any CPU
		{9424AEDC-A67B-4C06-BBB9-5A0319CCB12D}.Release|Any CPU.ActiveCfg = Release|Any CPU
		{9424AEDC-A67B-4C06-BBB9-5A0319CCB12D}.Release|Any CPU.Build.0 = Release|Any CPU
		{2A9421B5-077B-430E-A6E4-2854ADBDAAD2}.Debug|Any CPU.ActiveCfg = Debug|Any CPU
		{2A9421B5-077B-430E-A6E4-2854ADBDAAD2}.Debug|Any CPU.Build.0 = Debug|Any CPU
		{2A9421B5-077B-430E-A6E4-2854ADBDAAD2}.Release|Any CPU.ActiveCfg = Release|Any CPU
		{2A9421B5-077B-430E-A6E4-2854ADBDAAD2}.Release|Any CPU.Build.0 = Release|Any CPU
		{14423B22-F5B9-4FCC-BAA2-1AF53B818704}.Debug|Any CPU.ActiveCfg = Debug|Any CPU
		{14423B22-F5B9-4FCC-BAA2-1AF53B818704}.Debug|Any CPU.Build.0 = Debug|Any CPU
		{14423B22-F5B9-4FCC-BAA2-1AF53B818704}.Release|Any CPU.ActiveCfg = Release|Any CPU
		{14423B22-F5B9-4FCC-BAA2-1AF53B818704}.Release|Any CPU.Build.0 = Release|Any CPU
		{9C7076D0-BAF2-4171-AFD9-1FB4AEBBE9D8}.Debug|Any CPU.ActiveCfg = Debug|Any CPU
		{9C7076D0-BAF2-4171-AFD9-1FB4AEBBE9D8}.Debug|Any CPU.Build.0 = Debug|Any CPU
		{9C7076D0-BAF2-4171-AFD9-1FB4AEBBE9D8}.Release|Any CPU.ActiveCfg = Release|Any CPU
		{9C7076D0-BAF2-4171-AFD9-1FB4AEBBE9D8}.Release|Any CPU.Build.0 = Release|Any CPU
		{4688E9F0-C13A-4696-9E96-BE490C2E4D3E}.Debug|Any CPU.ActiveCfg = Debug|Any CPU
		{4688E9F0-C13A-4696-9E96-BE490C2E4D3E}.Debug|Any CPU.Build.0 = Debug|Any CPU
		{4688E9F0-C13A-4696-9E96-BE490C2E4D3E}.Release|Any CPU.ActiveCfg = Release|Any CPU
		{4688E9F0-C13A-4696-9E96-BE490C2E4D3E}.Release|Any CPU.Build.0 = Release|Any CPU
	EndGlobalSection
	GlobalSection(SolutionProperties) = preSolution
		HideSolutionNode = FALSE
	EndGlobalSection
	GlobalSection(ExtensibilityGlobals) = postSolution
		SolutionGuid = {3CB35131-4984-4C12-B8B4-82F153640068}
	EndGlobalSection
EndGlobal
